// !$*UTF8*$!
{
	archiveVersion = 1;
	classes = {
	};
	objectVersion = 48;
	objects = {

/* Begin PBXBuildFile section */
		6A8CE7CB1FCCE60F00B5B658 /* AppDelegate.swift in Sources */ = {isa = PBXBuildFile; fileRef = 6A8CE7CA1FCCE60F00B5B658 /* AppDelegate.swift */; };
		6A8CE7D01FCCE60F00B5B658 /* Main.storyboard in Resources */ = {isa = PBXBuildFile; fileRef = 6A8CE7CE1FCCE60F00B5B658 /* Main.storyboard */; };
		6A8CE7D31FCCE60F00B5B658 /* MyMemory.xcdatamodeld in Sources */ = {isa = PBXBuildFile; fileRef = 6A8CE7D11FCCE60F00B5B658 /* MyMemory.xcdatamodeld */; };
		6A8CE7D51FCCE60F00B5B658 /* Assets.xcassets in Resources */ = {isa = PBXBuildFile; fileRef = 6A8CE7D41FCCE60F00B5B658 /* Assets.xcassets */; };
		6A8CE7D81FCCE60F00B5B658 /* LaunchScreen.storyboard in Resources */ = {isa = PBXBuildFile; fileRef = 6A8CE7D61FCCE60F00B5B658 /* LaunchScreen.storyboard */; };
		95A0E00D1FD5966200CC109C /* MemoListVCTableViewController.swift in Sources */ = {isa = PBXBuildFile; fileRef = 95A0E00C1FD5966200CC109C /* MemoListVCTableViewController.swift */; };
		95A0E00F1FD5968E00CC109C /* MemoFormVCViewController.swift in Sources */ = {isa = PBXBuildFile; fileRef = 95A0E00E1FD5968E00CC109C /* MemoFormVCViewController.swift */; };
		95A0E0111FD596A500CC109C /* MemoReadVC.swift in Sources */ = {isa = PBXBuildFile; fileRef = 95A0E0101FD596A500CC109C /* MemoReadVC.swift */; };
/* End PBXBuildFile section */

/* Begin PBXFileReference section */
		6A8CE7C71FCCE60F00B5B658 /* MyMemory.app */ = {isa = PBXFileReference; explicitFileType = wrapper.application; includeInIndex = 0; path = MyMemory.app; sourceTree = BUILT_PRODUCTS_DIR; };
		6A8CE7CA1FCCE60F00B5B658 /* AppDelegate.swift */ = {isa = PBXFileReference; lastKnownFileType = sourcecode.swift; path = AppDelegate.swift; sourceTree = "<group>"; };
		6A8CE7CF1FCCE60F00B5B658 /* Base */ = {isa = PBXFileReference; lastKnownFileType = file.storyboard; name = Base; path = Base.lproj/Main.storyboard; sourceTree = "<group>"; };
		6A8CE7D21FCCE60F00B5B658 /* MyMemory.xcdatamodel */ = {isa = PBXFileReference; lastKnownFileType = wrapper.xcdatamodel; path = MyMemory.xcdatamodel; sourceTree = "<group>"; };
		6A8CE7D41FCCE60F00B5B658 /* Assets.xcassets */ = {isa = PBXFileReference; lastKnownFileType = folder.assetcatalog; path = Assets.xcassets; sourceTree = "<group>"; };
		6A8CE7D71FCCE60F00B5B658 /* Base */ = {isa = PBXFileReference; lastKnownFileType = file.storyboard; name = Base; path = Base.lproj/LaunchScreen.storyboard; sourceTree = "<group>"; };
		6A8CE7D91FCCE60F00B5B658 /* Info.plist */ = {isa = PBXFileReference; lastKnownFileType = text.plist.xml; path = Info.plist; sourceTree = "<group>"; };
		95A0E00C1FD5966200CC109C /* MemoListVCTableViewController.swift */ = {isa = PBXFileReference; fileEncoding = 4; lastKnownFileType = sourcecode.swift; path = MemoListVCTableViewController.swift; sourceTree = "<group>"; };
		95A0E00E1FD5968E00CC109C /* MemoFormVCViewController.swift */ = {isa = PBXFileReference; fileEncoding = 4; lastKnownFileType = sourcecode.swift; path = MemoFormVCViewController.swift; sourceTree = "<group>"; };
		95A0E0101FD596A500CC109C /* MemoReadVC.swift */ = {isa = PBXFileReference; fileEncoding = 4; lastKnownFileType = sourcecode.swift; path = MemoReadVC.swift; sourceTree = "<group>"; };
/* End PBXFileReference section */

/* Begin PBXFrameworksBuildPhase section */
		6A8CE7C41FCCE60F00B5B658 /* Frameworks */ = {
			isa = PBXFrameworksBuildPhase;
			buildActionMask = 2147483647;
			files = (
			);
			runOnlyForDeploymentPostprocessing = 0;
		};
/* End PBXFrameworksBuildPhase section */

/* Begin PBXGroup section */
		6A8CE7BE1FCCE60F00B5B658 = {
			isa = PBXGroup;
			children = (
				6A8CE7C91FCCE60F00B5B658 /* MyMemory */,
				6A8CE7C81FCCE60F00B5B658 /* Products */,
			);
			sourceTree = "<group>";
		};
		6A8CE7C81FCCE60F00B5B658 /* Products */ = {
			isa = PBXGroup;
			children = (
				6A8CE7C71FCCE60F00B5B658 /* MyMemory.app */,
			);
			name = Products;
			sourceTree = "<group>";
		};
		6A8CE7C91FCCE60F00B5B658 /* MyMemory */ = {
			isa = PBXGroup;
			children = (
				6A8CE7CA1FCCE60F00B5B658 /* AppDelegate.swift */,
				6A8CE7CE1FCCE60F00B5B658 /* Main.storyboard */,
				6A8CE7D41FCCE60F00B5B658 /* Assets.xcassets */,
				6A8CE7D61FCCE60F00B5B658 /* LaunchScreen.storyboard */,
				6A8CE7D91FCCE60F00B5B658 /* Info.plist */,
				6A8CE7D11FCCE60F00B5B658 /* MyMemory.xcdatamodeld */,
				95A0E00C1FD5966200CC109C /* MemoListVCTableViewController.swift */,
				95A0E00E1FD5968E00CC109C /* MemoFormVCViewController.swift */,
				95A0E0101FD596A500CC109C /* MemoReadVC.swift */,
			);
			path = MyMemory;
			sourceTree = "<group>";
		};
/* End PBXGroup section */

/* Begin PBXNativeTarget section */
		6A8CE7C61FCCE60F00B5B658 /* MyMemory */ = {
			isa = PBXNativeTarget;
			buildConfigurationList = 6A8CE7DC1FCCE60F00B5B658 /* Build configuration list for PBXNativeTarget "MyMemory" */;
			buildPhases = (
				6A8CE7C31FCCE60F00B5B658 /* Sources */,
				6A8CE7C41FCCE60F00B5B658 /* Frameworks */,
				6A8CE7C51FCCE60F00B5B658 /* Resources */,
			);
			buildRules = (
			);
			dependencies = (
			);
			name = MyMemory;
			productName = MyMemory;
			productReference = 6A8CE7C71FCCE60F00B5B658 /* MyMemory.app */;
			productType = "com.apple.product-type.application";
		};
/* End PBXNativeTarget section */

/* Begin PBXProject section */
		6A8CE7BF1FCCE60F00B5B658 /* Project object */ = {
			isa = PBXProject;
			attributes = {
				LastSwiftUpdateCheck = 0910;
				LastUpgradeCheck = 0910;
				ORGANIZATIONNAME = karrel;
				TargetAttributes = {
					6A8CE7C61FCCE60F00B5B658 = {
						CreatedOnToolsVersion = 9.1;
						ProvisioningStyle = Automatic;
					};
				};
			};
			buildConfigurationList = 6A8CE7C21FCCE60F00B5B658 /* Build configuration list for PBXProject "MyMemory" */;
			compatibilityVersion = "Xcode 8.0";
			developmentRegion = en;
			hasScannedForEncodings = 0;
			knownRegions = (
				en,
				Base,
			);
			mainGroup = 6A8CE7BE1FCCE60F00B5B658;
			productRefGroup = 6A8CE7C81FCCE60F00B5B658 /* Products */;
			projectDirPath = "";
			projectRoot = "";
			targets = (
				6A8CE7C61FCCE60F00B5B658 /* MyMemory */,
			);
		};
/* End PBXProject section */

/* Begin PBXResourcesBuildPhase section */
		6A8CE7C51FCCE60F00B5B658 /* Resources */ = {
			isa = PBXResourcesBuildPhase;
			buildActionMask = 2147483647;
			files = (
				6A8CE7D81FCCE60F00B5B658 /* LaunchScreen.storyboard in Resources */,
				6A8CE7D51FCCE60F00B5B658 /* Assets.xcassets in Resources */,
				6A8CE7D01FCCE60F00B5B658 /* Main.storyboard in Resources */,
			);
			runOnlyForDeploymentPostprocessing = 0;
		};
/* End PBXResourcesBuildPhase section */

/* Begin PBXSourcesBuildPhase section */
		6A8CE7C31FCCE60F00B5B658 /* Sources */ = {
			isa = PBXSourcesBuildPhase;
			buildActionMask = 2147483647;
			files = (
				95A0E00D1FD5966200CC109C /* MemoListVCTableViewController.swift in Sources */,
				95A0E0111FD596A500CC109C /* MemoReadVC.swift in Sources */,
				6A8CE7D31FCCE60F00B5B658 /* MyMemory.xcdatamodeld in Sources */,
				6A8CE7CB1FCCE60F00B5B658 /* AppDelegate.swift in Sources */,
				95A0E00F1FD5968E00CC109C /* MemoFormVCViewController.swift in Sources */,
			);
			runOnlyForDeploymentPostprocessing = 0;
		};
/* End PBXSourcesBuildPhase section */

/* Begin PBXVariantGroup section */
		6A8CE7CE1FCCE60F00B5B658 /* Main.storyboard */ = {
			isa = PBXVariantGroup;
			children = (
				6A8CE7CF1FCCE60F00B5B658 /* Base */,
			);
			name = Main.storyboard;
			sourceTree = "<group>";
		};
		6A8CE7D61FCCE60F00B5B658 /* LaunchScreen.storyboard */ = {
			isa = PBXVariantGroup;
			children = (
				6A8CE7D71FCCE60F00B5B658 /* Base */,
			);
			name = LaunchScreen.storyboard;
			sourceTree = "<group>";
		};
/* End PBXVariantGroup section */

/* Begin XCBuildConfiguration section */
		6A8CE7DA1FCCE60F00B5B658 /* Debug */ = {
			isa = XCBuildConfiguration;
			buildSettings = {
				ALWAYS_SEARCH_USER_PATHS = NO;
				CLANG_ANALYZER_NONNULL = YES;
				CLANG_ANALYZER_NUMBER_OBJECT_CONVERSION = YES_AGGRESSIVE;
				CLANG_CXX_LANGUAGE_STANDARD = "gnu++14";
				CLANG_CXX_LIBRARY = "libc++";
				CLANG_ENABLE_MODULES = YES;
				CLANG_ENABLE_OBJC_ARC = YES;
				CLANG_WARN_BLOCK_CAPTURE_AUTORELEASING = YES;
				CLANG_WARN_BOOL_CONVERSION = YES;
				CLANG_WARN_COMMA = YES;
				CLANG_WARN_CONSTANT_CONVERSION = YES;
				CLANG_WARN_DIRECT_OBJC_ISA_USAGE = YES_ERROR;
				CLANG_WARN_DOCUMENTATION_COMMENTS = YES;
				CLANG_WARN_EMPTY_BODY = YES;
				CLANG_WARN_ENUM_CONVERSION = YES;
				CLANG_WARN_INFINITE_RECURSION = YES;
				CLANG_WARN_INT_CONVERSION = YES;
				CLANG_WARN_NON_LITERAL_NULL_CONVERSION = YES;
				CLANG_WARN_OBJC_LITERAL_CONVERSION = YES;
				CLANG_WARN_OBJC_ROOT_CLASS = YES_ERROR;
				CLANG_WARN_RANGE_LOOP_ANALYSIS = YES;
				CLANG_WARN_STRICT_PROTOTYPES = YES;
				CLANG_WARN_SUSPICIOUS_MOVE = YES;
				CLANG_WARN_UNGUARDED_AVAILABILITY = YES_AGGRESSIVE;
				CLANG_WARN_UNREACHABLE_CODE = YES;
				CLANG_WARN__DUPLICATE_METHOD_MATCH = YES;
				CODE_SIGN_IDENTITY = "iPhone Developer";
				COPY_PHASE_STRIP = NO;
				DEBUG_INFORMATION_FORMAT = dwarf;
				ENABLE_STRICT_OBJC_MSGSEND = YES;
				ENABLE_TESTABILITY = YES;
				GCC_C_LANGUAGE_STANDARD = gnu11;
				GCC_DYNAMIC_NO_PIC = NO;
				GCC_NO_COMMON_BLOCKS = YES;
				GCC_OPTIMIZATION_LEVEL = 0;
				GCC_PREPROCESSOR_DEFINITIONS = (
					"DEBUG=1",
					"$(inherited)",
				);
				GCC_WARN_64_TO_32_BIT_CONVERSION = YES;
				GCC_WARN_ABOUT_RETURN_TYPE = YES_ERROR;
				GCC_WARN_UNDECLARED_SELECTOR = YES;
				GCC_WARN_UNINITIALIZED_AUTOS = YES_AGGRESSIVE;
				GCC_WARN_UNUSED_FUNCTION = YES;
				GCC_WARN_UNUSED_VARIABLE = YES;
				IPHONEOS_DEPLOYMENT_TARGET = 11.1;
				MTL_ENABLE_DEBUG_INFO = YES;
				ONLY_ACTIVE_ARCH = YES;
				SDKROOT = iphoneos;
				SWIFT_ACTIVE_COMPILATION_CONDITIONS = DEBUG;
				SWIFT_OPTIMIZATION_LEVEL = "-Onone";
			};
			name = Debug;
		};
		6A8CE7DB1FCCE60F00B5B658 /* Release */ = {
			isa = XCBuildConfiguration;
			buildSettings = {
				ALWAYS_SEARCH_USER_PATHS = NO;
				CLANG_ANALYZER_NONNULL = YES;
				CLANG_ANALYZER_NUMBER_OBJECT_CONVERSION = YES_AGGRESSIVE;
				CLANG_CXX_LANGUAGE_STANDARD = "gnu++14";
				CLANG_CXX_LIBRARY = "libc++";
				CLANG_ENABLE_MODULES = YES;
				CLANG_ENABLE_OBJC_ARC = YES;
				CLANG_WARN_BLOCK_CAPTURE_AUTORELEASING = YES;
				CLANG_WARN_BOOL_CONVERSION = YES;
				CLANG_WARN_COMMA = YES;
				CLANG_WARN_CONSTANT_CONVERSION = YES;
				CLANG_WARN_DIRECT_OBJC_ISA_USAGE = YES_ERROR;
				CLANG_WARN_DOCUMENTATION_COMMENTS = YES;
				CLANG_WARN_EMPTY_BODY = YES;
				CLANG_WARN_ENUM_CONVERSION = YES;
				CLANG_WARN_INFINITE_RECURSION = YES;
				CLANG_WARN_INT_CONVERSION = YES;
				CLANG_WARN_NON_LITERAL_NULL_CONVERSION = YES;
				CLANG_WARN_OBJC_LITERAL_CONVERSION = YES;
				CLANG_WARN_OBJC_ROOT_CLASS = YES_ERROR;
				CLANG_WARN_RANGE_LOOP_ANALYSIS = YES;
				CLANG_WARN_STRICT_PROTOTYPES = YES;
				CLANG_WARN_SUSPICIOUS_MOVE = YES;
				CLANG_WARN_UNGUARDED_AVAILABILITY = YES_AGGRESSIVE;
				CLANG_WARN_UNREACHABLE_CODE = YES;
				CLANG_WARN__DUPLICATE_METHOD_MATCH = YES;
				CODE_SIGN_IDENTITY = "iPhone Developer";
				COPY_PHASE_STRIP = NO;
				DEBUG_INFORMATION_FORMAT = "dwarf-with-dsym";
				ENABLE_NS_ASSERTIONS = NO;
				ENABLE_STRICT_OBJC_MSGSEND = YES;
				GCC_C_LANGUAGE_STANDARD = gnu11;
				GCC_NO_COMMON_BLOCKS = YES;
				GCC_WARN_64_TO_32_BIT_CONVERSION = YES;
				GCC_WARN_ABOUT_RETURN_TYPE = YES_ERROR;
				GCC_WARN_UNDECLARED_SELECTOR = YES;
				GCC_WARN_UNINITIALIZED_AUTOS = YES_AGGRESSIVE;
				GCC_WARN_UNUSED_FUNCTION = YES;
				GCC_WARN_UNUSED_VARIABLE = YES;
				IPHONEOS_DEPLOYMENT_TARGET = 11.1;
				MTL_ENABLE_DEBUG_INFO = NO;
				SDKROOT = iphoneos;
				SWIFT_OPTIMIZATION_LEVEL = "-Owholemodule";
				VALIDATE_PRODUCT = YES;
			};
			name = Release;
		};
		6A8CE7DD1FCCE60F00B5B658 /* Debug */ = {
			isa = XCBuildConfiguration;
			buildSettings = {
				ASSETCATALOG_COMPILER_APPICON_NAME = AppIcon;
				CODE_SIGN_STYLE = Automatic;
				DEVELOPMENT_TEAM = Q8C2Z44LGW;
				INFOPLIST_FILE = MyMemory/Info.plist;
				LD_RUNPATH_SEARCH_PATHS = "$(inherited) @executable_path/Frameworks";
				PRODUCT_BUNDLE_IDENTIFIER = com.karrel.MyMemory;
				PRODUCT_NAME = "$(TARGET_NAME)";
				SWIFT_VERSION = 4.0;
				TARGETED_DEVICE_FAMILY = "1,2";
			};
			name = Debug;
		};
		6A8CE7DE1FCCE60F00B5B658 /* Release */ = {
			isa = XCBuildConfiguration;
			buildSettings = {
				ASSETCATALOG_COMPILER_APPICON_NAME = AppIcon;
				CODE_SIGN_STYLE = Automatic;
				DEVELOPMENT_TEAM = Q8C2Z44LGW;
				INFOPLIST_FILE = MyMemory/Info.plist;
				LD_RUNPATH_SEARCH_PATHS = "$(inherited) @executable_path/Frameworks";
				PRODUCT_BUNDLE_IDENTIFIER = com.karrel.MyMemory;
				PRODUCT_NAME = "$(TARGET_NAME)";
				SWIFT_VERSION = 4.0;
				TARGETED_DEVICE_FAMILY = "1,2";
			};
			name = Release;
		};
/* End XCBuildConfiguration section */

/* Begin XCConfigurationList section */
		6A8CE7C21FCCE60F00B5B658 /* Build configuration list for PBXProject "MyMemory" */ = {
			isa = XCConfigurationList;
			buildConfigurations = (
				6A8CE7DA1FCCE60F00B5B658 /* Debug */,
				6A8CE7DB1FCCE60F00B5B658 /* Release */,
			);
			defaultConfigurationIsVisible = 0;
			defaultConfigurationName = Release;
		};
		6A8CE7DC1FCCE60F00B5B658 /* Build configuration list for PBXNativeTarget "MyMemory" */ = {
			isa = XCConfigurationList;
			buildConfigurations = (
				6A8CE7DD1FCCE60F00B5B658 /* Debug */,
				6A8CE7DE1FCCE60F00B5B658 /* Release */,
			);
			defaultConfigurationIsVisible = 0;
			defaultConfigurationName = Release;
		};
/* End XCConfigurationList section */

/* Begin XCVersionGroup section */
		6A8CE7D11FCCE60F00B5B658 /* MyMemory.xcdatamodeld */ = {
			isa = XCVersionGroup;
			children = (
				6A8CE7D21FCCE60F00B5B658 /* MyMemory.xcdatamodel */,
			);
			currentVersion = 6A8CE7D21FCCE60F00B5B658 /* MyMemory.xcdatamodel */;
			path = MyMemory.xcdatamodeld;
			sourceTree = "<group>";
			versionGroupType = wrapper.xcdatamodel;
		};
/* End XCVersionGroup section */
	};
	rootObject = 6A8CE7BF1FCCE60F00B5B658 /* Project object */;
}
